
Microsoft Visual Studio Solution File, Format Version 12.00
Project("{FAE04EC0-301F-11D3-BF4B-00C04F79EFBC}") = "WatermarkPOC", "WatermarkPOC\WatermarkPOC.csproj", "{C124A300-EF96-4D8F-BE3C-F8EAA70EBFD1}"
EndProject
Global
	GlobalSection(SolutionConfigurationPlatforms) = preSolution
		Debug|Any CPU = Debug|Any CPU
		Release|Any CPU = Release|Any CPU
	EndGlobalSection
	GlobalSection(ProjectConfigurationPlatforms) = postSolution
		{C124A300-EF96-4D8F-BE3C-F8EAA70EBFD1}.Debug|Any CPU.ActiveCfg = Debug|Any CPU
		{C124A300-EF96-4D8F-BE3C-F8EAA70EBFD1}.Debug|Any CPU.Build.0 = Debug|Any CPU
		{C124A300-EF96-4D8F-BE3C-F8EAA70EBFD1}.Release|Any CPU.ActiveCfg = Release|Any CPU
		{C124A300-EF96-4D8F-BE3C-F8EAA70EBFD1}.Release|Any CPU.Build.0 = Release|Any CPU
	EndGlobalSection
EndGlobal
